github.com/go-chi/chi/v5 v5.0.12 h1:9euLV5sTrTNTRUU9POmDUvfxyj6LAABLUcEWO+JJb4s=
github.com/go-chi/chi/v5 v5.0.12/go.mod h1:DslCQbL2OYiznFReuXYUmQ2hGd1aDpCnlMNITLSKoi8=
github.com/raybarrera/webservice v0.1.2 h1:YakGa675qBt+bV3q1dy4wm7bAtOPbfwz3Wvwhbnn2KQ=
github.com/raybarrera/webservice v0.1.2/go.mod h1:ZcQ1OajM0xk5tX5Dn7fOTkz2mPiZUi6TntJpNP6GsYs=
